// !$*UTF8*$!
{
	archiveVersion = 1;
	classes = {
	};
	objectVersion = 55;
	objects = {

/* Begin PBXBuildFile section */
		1332A929271DFA31006A3989 /* AppDelegate.swift in Sources */ = {isa = PBXBuildFile; fileRef = 1332A928271DFA31006A3989 /* AppDelegate.swift */; };
		1332A92B271DFA31006A3989 /* SceneDelegate.swift in Sources */ = {isa = PBXBuildFile; fileRef = 1332A92A271DFA31006A3989 /* SceneDelegate.swift */; };
		1332A92D271DFA31006A3989 /* ViewController.swift in Sources */ = {isa = PBXBuildFile; fileRef = 1332A92C271DFA31006A3989 /* ViewController.swift */; };
		1332A930271DFA31006A3989 /* Main.storyboard in Resources */ = {isa = PBXBuildFile; fileRef = 1332A92E271DFA31006A3989 /* Main.storyboard */; };
		1332A933271DFA31006A3989 /* MapEdit.xcdatamodeld in Sources */ = {isa = PBXBuildFile; fileRef = 1332A931271DFA31006A3989 /* MapEdit.xcdatamodeld */; };
		1332A935271DFA33006A3989 /* Assets.xcassets in Resources */ = {isa = PBXBuildFile; fileRef = 1332A934271DFA33006A3989 /* Assets.xcassets */; };
		1332A938271DFA33006A3989 /* LaunchScreen.storyboard in Resources */ = {isa = PBXBuildFile; fileRef = 1332A936271DFA33006A3989 /* LaunchScreen.storyboard */; };
		1332A943271DFA34006A3989 /* MapEditTests.swift in Sources */ = {isa = PBXBuildFile; fileRef = 1332A942271DFA34006A3989 /* MapEditTests.swift */; };
		1332A94D271DFA34006A3989 /* MapEditUITests.swift in Sources */ = {isa = PBXBuildFile; fileRef = 1332A94C271DFA34006A3989 /* MapEditUITests.swift */; };
		1332A94F271DFA34006A3989 /* MapEditUITestsLaunchTests.swift in Sources */ = {isa = PBXBuildFile; fileRef = 1332A94E271DFA34006A3989 /* MapEditUITestsLaunchTests.swift */; };
/* End PBXBuildFile section */

/* Begin PBXContainerItemProxy section */
		1332A93F271DFA34006A3989 /* PBXContainerItemProxy */ = {
			isa = PBXContainerItemProxy;
			containerPortal = 1332A91D271DFA31006A3989 /* Project object */;
			proxyType = 1;
			remoteGlobalIDString = 1332A924271DFA31006A3989;
			remoteInfo = MapEdit;
		};
		1332A949271DFA34006A3989 /* PBXContainerItemProxy */ = {
			isa = PBXContainerItemProxy;
			containerPortal = 1332A91D271DFA31006A3989 /* Project object */;
			proxyType = 1;
			remoteGlobalIDString = 1332A924271DFA31006A3989;
			remoteInfo = MapEdit;
		};
/* End PBXContainerItemProxy section */

/* Begin PBXFileReference section */
		1332A925271DFA31006A3989 /* MapEdit.app */ = {isa = PBXFileReference; explicitFileType = wrapper.application; includeInIndex = 0; path = MapEdit.app; sourceTree = BUILT_PRODUCTS_DIR; };
		1332A928271DFA31006A3989 /* AppDelegate.swift */ = {isa = PBXFileReference; lastKnownFileType = sourcecode.swift; path = AppDelegate.swift; sourceTree = "<group>"; };
		1332A92A271DFA31006A3989 /* SceneDelegate.swift */ = {isa = PBXFileReference; lastKnownFileType = sourcecode.swift; path = SceneDelegate.swift; sourceTree = "<group>"; };
		1332A92C271DFA31006A3989 /* ViewController.swift */ = {isa = PBXFileReference; lastKnownFileType = sourcecode.swift; path = ViewController.swift; sourceTree = "<group>"; };
		1332A92F271DFA31006A3989 /* Base */ = {isa = PBXFileReference; lastKnownFileType = file.storyboard; name = Base; path = Base.lproj/Main.storyboard; sourceTree = "<group>"; };
		1332A932271DFA31006A3989 /* MapEdit.xcdatamodel */ = {isa = PBXFileReference; lastKnownFileType = wrapper.xcdatamodel; path = MapEdit.xcdatamodel; sourceTree = "<group>"; };
		1332A934271DFA33006A3989 /* Assets.xcassets */ = {isa = PBXFileReference; lastKnownFileType = folder.assetcatalog; path = Assets.xcassets; sourceTree = "<group>"; };
		1332A937271DFA33006A3989 /* Base */ = {isa = PBXFileReference; lastKnownFileType = file.storyboard; name = Base; path = Base.lproj/LaunchScreen.storyboard; sourceTree = "<group>"; };
		1332A939271DFA33006A3989 /* Info.plist */ = {isa = PBXFileReference; lastKnownFileType = text.plist.xml; path = Info.plist; sourceTree = "<group>"; };
		1332A93E271DFA34006A3989 /* MapEditTests.xctest */ = {isa = PBXFileReference; explicitFileType = wrapper.cfbundle; includeInIndex = 0; path = MapEditTests.xctest; sourceTree = BUILT_PRODUCTS_DIR; };
		1332A942271DFA34006A3989 /* MapEditTests.swift */ = {isa = PBXFileReference; lastKnownFileType = sourcecode.swift; path = MapEditTests.swift; sourceTree = "<group>"; };
		1332A948271DFA34006A3989 /* MapEditUITests.xctest */ = {isa = PBXFileReference; explicitFileType = wrapper.cfbundle; includeInIndex = 0; path = MapEditUITests.xctest; sourceTree = BUILT_PRODUCTS_DIR; };
		1332A94C271DFA34006A3989 /* MapEditUITests.swift */ = {isa = PBXFileReference; lastKnownFileType = sourcecode.swift; path = MapEditUITests.swift; sourceTree = "<group>"; };
		1332A94E271DFA34006A3989 /* MapEditUITestsLaunchTests.swift */ = {isa = PBXFileReference; lastKnownFileType = sourcecode.swift; path = MapEditUITestsLaunchTests.swift; sourceTree = "<group>"; };
/* End PBXFileReference section */

/* Begin PBXFrameworksBuildPhase section */
		1332A922271DFA31006A3989 /* Frameworks */ = {
			isa = PBXFrameworksBuildPhase;
			buildActionMask = 2147483647;
			files = (
			);
			runOnlyForDeploymentPostprocessing = 0;
		};
		1332A93B271DFA34006A3989 /* Frameworks */ = {
			isa = PBXFrameworksBuildPhase;
			buildActionMask = 2147483647;
			files = (
			);
			runOnlyForDeploymentPostprocessing = 0;
		};
		1332A945271DFA34006A3989 /* Frameworks */ = {
			isa = PBXFrameworksBuildPhase;
			buildActionMask = 2147483647;
			files = (
			);
			runOnlyForDeploymentPostprocessing = 0;
		};
/* End PBXFrameworksBuildPhase section */

/* Begin PBXGroup section */
		1332A91C271DFA31006A3989 = {
			isa = PBXGroup;
			children = (
				1332A927271DFA31006A3989 /* MapEdit */,
				1332A941271DFA34006A3989 /* MapEditTests */,
				1332A94B271DFA34006A3989 /* MapEditUITests */,
				1332A926271DFA31006A3989 /* Products */,
			);
			sourceTree = "<group>";
		};
		1332A926271DFA31006A3989 /* Products */ = {
			isa = PBXGroup;
			children = (
				1332A925271DFA31006A3989 /* MapEdit.app */,
				1332A93E271DFA34006A3989 /* MapEditTests.xctest */,
				1332A948271DFA34006A3989 /* MapEditUITests.xctest */,
			);
			name = Products;
			sourceTree = "<group>";
		};
		1332A927271DFA31006A3989 /* MapEdit */ = {
			isa = PBXGroup;
			children = (
				1332A928271DFA31006A3989 /* AppDelegate.swift */,
				1332A92A271DFA31006A3989 /* SceneDelegate.swift */,
				1332A92C271DFA31006A3989 /* ViewController.swift */,
				1332A92E271DFA31006A3989 /* Main.storyboard */,
				1332A934271DFA33006A3989 /* Assets.xcassets */,
				1332A936271DFA33006A3989 /* LaunchScreen.storyboard */,
				1332A939271DFA33006A3989 /* Info.plist */,
				1332A931271DFA31006A3989 /* MapEdit.xcdatamodeld */,
			);
			path = MapEdit;
			sourceTree = "<group>";
		};
		1332A941271DFA34006A3989 /* MapEditTests */ = {
			isa = PBXGroup;
			children = (
				1332A942271DFA34006A3989 /* MapEditTests.swift */,
			);
			path = MapEditTests;
			sourceTree = "<group>";
		};
		1332A94B271DFA34006A3989 /* MapEditUITests */ = {
			isa = PBXGroup;
			children = (
				1332A94C271DFA34006A3989 /* MapEditUITests.swift */,
				1332A94E271DFA34006A3989 /* MapEditUITestsLaunchTests.swift */,
			);
			path = MapEditUITests;
			sourceTree = "<group>";
		};
/* End PBXGroup section */

/* Begin PBXNativeTarget section */
		1332A924271DFA31006A3989 /* MapEdit */ = {
			isa = PBXNativeTarget;
			buildConfigurationList = 1332A952271DFA34006A3989 /* Build configuration list for PBXNativeTarget "MapEdit" */;
			buildPhases = (
				1332A921271DFA31006A3989 /* Sources */,
				1332A922271DFA31006A3989 /* Frameworks */,
				1332A923271DFA31006A3989 /* Resources */,
			);
			buildRules = (
			);
			dependencies = (
			);
			name = MapEdit;
			productName = MapEdit;
			productReference = 1332A925271DFA31006A3989 /* MapEdit.app */;
			productType = "com.apple.product-type.application";
		};
		1332A93D271DFA34006A3989 /* MapEditTests */ = {
			isa = PBXNativeTarget;
			buildConfigurationList = 1332A955271DFA34006A3989 /* Build configuration list for PBXNativeTarget "MapEditTests" */;
			buildPhases = (
				1332A93A271DFA34006A3989 /* Sources */,
				1332A93B271DFA34006A3989 /* Frameworks */,
				1332A93C271DFA34006A3989 /* Resources */,
			);
			buildRules = (
			);
			dependencies = (
				1332A940271DFA34006A3989 /* PBXTargetDependency */,
			);
			name = MapEditTests;
			productName = MapEditTests;
			productReference = 1332A93E271DFA34006A3989 /* MapEditTests.xctest */;
			productType = "com.apple.product-type.bundle.unit-test";
		};
		1332A947271DFA34006A3989 /* MapEditUITests */ = {
			isa = PBXNativeTarget;
			buildConfigurationList = 1332A958271DFA34006A3989 /* Build configuration list for PBXNativeTarget "MapEditUITests" */;
			buildPhases = (
				1332A944271DFA34006A3989 /* Sources */,
				1332A945271DFA34006A3989 /* Frameworks */,
				1332A946271DFA34006A3989 /* Resources */,
			);
			buildRules = (
			);
			dependencies = (
				1332A94A271DFA34006A3989 /* PBXTargetDependency */,
			);
			name = MapEditUITests;
			productName = MapEditUITests;
			productReference = 1332A948271DFA34006A3989 /* MapEditUITests.xctest */;
			productType = "com.apple.product-type.bundle.ui-testing";
		};
/* End PBXNativeTarget section */

/* Begin PBXProject section */
		1332A91D271DFA31006A3989 /* Project object */ = {
			isa = PBXProject;
			attributes = {
				BuildIndependentTargetsInParallel = 1;
				LastSwiftUpdateCheck = 1300;
				LastUpgradeCheck = 1300;
				TargetAttributes = {
					1332A924271DFA31006A3989 = {
						CreatedOnToolsVersion = 13.0;
					};
					1332A93D271DFA34006A3989 = {
						CreatedOnToolsVersion = 13.0;
						TestTargetID = 1332A924271DFA31006A3989;
					};
					1332A947271DFA34006A3989 = {
						CreatedOnToolsVersion = 13.0;
						TestTargetID = 1332A924271DFA31006A3989;
					};
				};
			};
			buildConfigurationList = 1332A920271DFA31006A3989 /* Build configuration list for PBXProject "MapEdit" */;
			compatibilityVersion = "Xcode 13.0";
			developmentRegion = en;
			hasScannedForEncodings = 0;
			knownRegions = (
				en,
				Base,
			);
			mainGroup = 1332A91C271DFA31006A3989;
			productRefGroup = 1332A926271DFA31006A3989 /* Products */;
			projectDirPath = "";
			projectRoot = "";
			targets = (
				1332A924271DFA31006A3989 /* MapEdit */,
				1332A93D271DFA34006A3989 /* MapEditTests */,
				1332A947271DFA34006A3989 /* MapEditUITests */,
			);
		};
/* End PBXProject section */

/* Begin PBXResourcesBuildPhase section */
		1332A923271DFA31006A3989 /* Resources */ = {
			isa = PBXResourcesBuildPhase;
			buildActionMask = 2147483647;
			files = (
				1332A938271DFA33006A3989 /* LaunchScreen.storyboard in Resources */,
				1332A935271DFA33006A3989 /* Assets.xcassets in Resources */,
				1332A930271DFA31006A3989 /* Main.storyboard in Resources */,
			);
			runOnlyForDeploymentPostprocessing = 0;
		};
		1332A93C271DFA34006A3989 /* Resources */ = {
			isa = PBXResourcesBuildPhase;
			buildActionMask = 2147483647;
			files = (
			);
			runOnlyForDeploymentPostprocessing = 0;
		};
		1332A946271DFA34006A3989 /* Resources */ = {
			isa = PBXResourcesBuildPhase;
			buildActionMask = 2147483647;
			files = (
			);
			runOnlyForDeploymentPostprocessing = 0;
		};
/* End PBXResourcesBuildPhase section */

/* Begin PBXSourcesBuildPhase section */
		1332A921271DFA31006A3989 /* Sources */ = {
			isa = PBXSourcesBuildPhase;
			buildActionMask = 2147483647;
			files = (
				1332A933271DFA31006A3989 /* MapEdit.xcdatamodeld in Sources */,
				1332A92D271DFA31006A3989 /* ViewController.swift in Sources */,
				1332A929271DFA31006A3989 /* AppDelegate.swift in Sources */,
				1332A92B271DFA31006A3989 /* SceneDelegate.swift in Sources */,
			);
			runOnlyForDeploymentPostprocessing = 0;
		};
		1332A93A271DFA34006A3989 /* Sources */ = {
			isa = PBXSourcesBuildPhase;
			buildActionMask = 2147483647;
			files = (
				1332A943271DFA34006A3989 /* MapEditTests.swift in Sources */,
			);
			runOnlyForDeploymentPostprocessing = 0;
		};
		1332A944271DFA34006A3989 /* Sources */ = {
			isa = PBXSourcesBuildPhase;
			buildActionMask = 2147483647;
			files = (
				1332A94D271DFA34006A3989 /* MapEditUITests.swift in Sources */,
				1332A94F271DFA34006A3989 /* MapEditUITestsLaunchTests.swift in Sources */,
			);
			runOnlyForDeploymentPostprocessing = 0;
		};
/* End PBXSourcesBuildPhase section */

/* Begin PBXTargetDependency section */
		1332A940271DFA34006A3989 /* PBXTargetDependency */ = {
			isa = PBXTargetDependency;
			target = 1332A924271DFA31006A3989 /* MapEdit */;
			targetProxy = 1332A93F271DFA34006A3989 /* PBXContainerItemProxy */;
		};
		1332A94A271DFA34006A3989 /* PBXTargetDependency */ = {
			isa = PBXTargetDependency;
			target = 1332A924271DFA31006A3989 /* MapEdit */;
			targetProxy = 1332A949271DFA34006A3989 /* PBXContainerItemProxy */;
		};
/* End PBXTargetDependency section */

/* Begin PBXVariantGroup section */
		1332A92E271DFA31006A3989 /* Main.storyboard */ = {
			isa = PBXVariantGroup;
			children = (
				1332A92F271DFA31006A3989 /* Base */,
			);
			name = Main.storyboard;
			sourceTree = "<group>";
		};
		1332A936271DFA33006A3989 /* LaunchScreen.storyboard */ = {
			isa = PBXVariantGroup;
			children = (
				1332A937271DFA33006A3989 /* Base */,
			);
			name = LaunchScreen.storyboard;
			sourceTree = "<group>";
		};
/* End PBXVariantGroup section */

/* Begin XCBuildConfiguration section */
		1332A950271DFA34006A3989 /* Debug */ = {
			isa = XCBuildConfiguration;
			buildSettings = {
				ALWAYS_SEARCH_USER_PATHS = NO;
				CLANG_ANALYZER_NONNULL = YES;
				CLANG_ANALYZER_NUMBER_OBJECT_CONVERSION = YES_AGGRESSIVE;
				CLANG_CXX_LANGUAGE_STANDARD = "gnu++17";
				CLANG_CXX_LIBRARY = "libc++";
				CLANG_ENABLE_MODULES = YES;
				CLANG_ENABLE_OBJC_ARC = YES;
				CLANG_ENABLE_OBJC_WEAK = YES;
				CLANG_WARN_BLOCK_CAPTURE_AUTORELEASING = YES;
				CLANG_WARN_BOOL_CONVERSION = YES;
				CLANG_WARN_COMMA = YES;
				CLANG_WARN_CONSTANT_CONVERSION = YES;
				CLANG_WARN_DEPRECATED_OBJC_IMPLEMENTATIONS = YES;
				CLANG_WARN_DIRECT_OBJC_ISA_USAGE = YES_ERROR;
				CLANG_WARN_DOCUMENTATION_COMMENTS = YES;
				CLANG_WARN_EMPTY_BODY = YES;
				CLANG_WARN_ENUM_CONVERSION = YES;
				CLANG_WARN_INFINITE_RECURSION = YES;
				CLANG_WARN_INT_CONVERSION = YES;
				CLANG_WARN_NON_LITERAL_NULL_CONVERSION = YES;
				CLANG_WARN_OBJC_IMPLICIT_RETAIN_SELF = YES;
				CLANG_WARN_OBJC_LITERAL_CONVERSION = YES;
				CLANG_WARN_OBJC_ROOT_CLASS = YES_ERROR;
				CLANG_WARN_QUOTED_INCLUDE_IN_FRAMEWORK_HEADER = YES;
				CLANG_WARN_RANGE_LOOP_ANALYSIS = YES;
				CLANG_WARN_STRICT_PROTOTYPES = YES;
				CLANG_WARN_SUSPICIOUS_MOVE = YES;
				CLANG_WARN_UNGUARDED_AVAILABILITY = YES_AGGRESSIVE;
				CLANG_WARN_UNREACHABLE_CODE = YES;
				CLANG_WARN__DUPLICATE_METHOD_MATCH = YES;
				COPY_PHASE_STRIP = NO;
				DEBUG_INFORMATION_FORMAT = dwarf;
				ENABLE_STRICT_OBJC_MSGSEND = YES;
				ENABLE_TESTABILITY = YES;
				GCC_C_LANGUAGE_STANDARD = gnu11;
				GCC_DYNAMIC_NO_PIC = NO;
				GCC_NO_COMMON_BLOCKS = YES;
				GCC_OPTIMIZATION_LEVEL = 0;
				GCC_PREPROCESSOR_DEFINITIONS = (
					"DEBUG=1",
					"$(inherited)",
				);
				GCC_WARN_64_TO_32_BIT_CONVERSION = YES;
				GCC_WARN_ABOUT_RETURN_TYPE = YES_ERROR;
				GCC_WARN_UNDECLARED_SELECTOR = YES;
				GCC_WARN_UNINITIALIZED_AUTOS = YES_AGGRESSIVE;
				GCC_WARN_UNUSED_FUNCTION = YES;
				GCC_WARN_UNUSED_VARIABLE = YES;
				IPHONEOS_DEPLOYMENT_TARGET = 15.0;
				MTL_ENABLE_DEBUG_INFO = INCLUDE_SOURCE;
				MTL_FAST_MATH = YES;
				ONLY_ACTIVE_ARCH = YES;
				SDKROOT = iphoneos;
				SWIFT_ACTIVE_COMPILATION_CONDITIONS = DEBUG;
				SWIFT_OPTIMIZATION_LEVEL = "-Onone";
			};
			name = Debug;
		};
		1332A951271DFA34006A3989 /* Release */ = {
			isa = XCBuildConfiguration;
			buildSettings = {
				ALWAYS_SEARCH_USER_PATHS = NO;
				CLANG_ANALYZER_NONNULL = YES;
				CLANG_ANALYZER_NUMBER_OBJECT_CONVERSION = YES_AGGRESSIVE;
				CLANG_CXX_LANGUAGE_STANDARD = "gnu++17";
				CLANG_CXX_LIBRARY = "libc++";
				CLANG_ENABLE_MODULES = YES;
				CLANG_ENABLE_OBJC_ARC = YES;
				CLANG_ENABLE_OBJC_WEAK = YES;
				CLANG_WARN_BLOCK_CAPTURE_AUTORELEASING = YES;
				CLANG_WARN_BOOL_CONVERSION = YES;
				CLANG_WARN_COMMA = YES;
				CLANG_WARN_CONSTANT_CONVERSION = YES;
				CLANG_WARN_DEPRECATED_OBJC_IMPLEMENTATIONS = YES;
				CLANG_WARN_DIRECT_OBJC_ISA_USAGE = YES_ERROR;
				CLANG_WARN_DOCUMENTATION_COMMENTS = YES;
				CLANG_WARN_EMPTY_BODY = YES;
				CLANG_WARN_ENUM_CONVERSION = YES;
				CLANG_WARN_INFINITE_RECURSION = YES;
				CLANG_WARN_INT_CONVERSION = YES;
				CLANG_WARN_NON_LITERAL_NULL_CONVERSION = YES;
				CLANG_WARN_OBJC_IMPLICIT_RETAIN_SELF = YES;
				CLANG_WARN_OBJC_LITERAL_CONVERSION = YES;
				CLANG_WARN_OBJC_ROOT_CLASS = YES_ERROR;
				CLANG_WARN_QUOTED_INCLUDE_IN_FRAMEWORK_HEADER = YES;
				CLANG_WARN_RANGE_LOOP_ANALYSIS = YES;
				CLANG_WARN_STRICT_PROTOTYPES = YES;
				CLANG_WARN_SUSPICIOUS_MOVE = YES;
				CLANG_WARN_UNGUARDED_AVAILABILITY = YES_AGGRESSIVE;
				CLANG_WARN_UNREACHABLE_CODE = YES;
				CLANG_WARN__DUPLICATE_METHOD_MATCH = YES;
				COPY_PHASE_STRIP = NO;
				DEBUG_INFORMATION_FORMAT = "dwarf-with-dsym";
				ENABLE_NS_ASSERTIONS = NO;
				ENABLE_STRICT_OBJC_MSGSEND = YES;
				GCC_C_LANGUAGE_STANDARD = gnu11;
				GCC_NO_COMMON_BLOCKS = YES;
				GCC_WARN_64_TO_32_BIT_CONVERSION = YES;
				GCC_WARN_ABOUT_RETURN_TYPE = YES_ERROR;
				GCC_WARN_UNDECLARED_SELECTOR = YES;
				GCC_WARN_UNINITIALIZED_AUTOS = YES_AGGRESSIVE;
				GCC_WARN_UNUSED_FUNCTION = YES;
				GCC_WARN_UNUSED_VARIABLE = YES;
				IPHONEOS_DEPLOYMENT_TARGET = 15.0;
				MTL_ENABLE_DEBUG_INFO = NO;
				MTL_FAST_MATH = YES;
				SDKROOT = iphoneos;
				SWIFT_COMPILATION_MODE = wholemodule;
				SWIFT_OPTIMIZATION_LEVEL = "-O";
				VALIDATE_PRODUCT = YES;
			};
			name = Release;
		};
		1332A953271DFA34006A3989 /* Debug */ = {
			isa = XCBuildConfiguration;
			buildSettings = {
				ASSETCATALOG_COMPILER_APPICON_NAME = AppIcon;
				ASSETCATALOG_COMPILER_GLOBAL_ACCENT_COLOR_NAME = AccentColor;
				CODE_SIGN_STYLE = Automatic;
				CURRENT_PROJECT_VERSION = 1;
				DEVELOPMENT_TEAM = HGFASG778A;
				GENERATE_INFOPLIST_FILE = YES;
				INFOPLIST_FILE = MapEdit/Info.plist;
				INFOPLIST_KEY_NSLocationAlwaysUsageDescription = "Use location for markers";
				INFOPLIST_KEY_NSLocationWhenInUseUsageDescription = "Use Location for markers";
				INFOPLIST_KEY_UIApplicationSupportsIndirectInputEvents = YES;
				INFOPLIST_KEY_UILaunchStoryboardName = LaunchScreen;
				INFOPLIST_KEY_UIMainStoryboardFile = Main;
				INFOPLIST_KEY_UISupportedInterfaceOrientations_iPad = "UIInterfaceOrientationPortrait UIInterfaceOrientationPortraitUpsideDown UIInterfaceOrientationLandscapeLeft UIInterfaceOrientationLandscapeRight";
				INFOPLIST_KEY_UISupportedInterfaceOrientations_iPhone = "UIInterfaceOrientationPortrait UIInterfaceOrientationLandscapeLeft UIInterfaceOrientationLandscapeRight";
				IPHONEOS_DEPLOYMENT_TARGET = 14.6;
				LD_RUNPATH_SEARCH_PATHS = (
					"$(inherited)",
					"@executable_path/Frameworks",
				);
				MARKETING_VERSION = 1.0;
				PRODUCT_BUNDLE_IDENTIFIER = com.ytp.MapEdit;
				PRODUCT_NAME = "$(TARGET_NAME)";
				SWIFT_EMIT_LOC_STRINGS = YES;
				SWIFT_VERSION = 5.0;
				TARGETED_DEVICE_FAMILY = "1,2";
			};
			name = Debug;
		};
		1332A954271DFA34006A3989 /* Release */ = {
			isa = XCBuildConfiguration;
			buildSettings = {
				ASSETCATALOG_COMPILER_APPICON_NAME = AppIcon;
				ASSETCATALOG_COMPILER_GLOBAL_ACCENT_COLOR_NAME = AccentColor;
				CODE_SIGN_STYLE = Automatic;
				CURRENT_PROJECT_VERSION = 1;
				DEVELOPMENT_TEAM = HGFASG778A;
				GENERATE_INFOPLIST_FILE = YES;
				INFOPLIST_FILE = MapEdit/Info.plist;
				INFOPLIST_KEY_NSLocationAlwaysUsageDescription = "Use location for markers";
				INFOPLIST_KEY_NSLocationWhenInUseUsageDescription = "Use Location for markers";
				INFOPLIST_KEY_UIApplicationSupportsIndirectInputEvents = YES;
				INFOPLIST_KEY_UILaunchStoryboardName = LaunchScreen;
				INFOPLIST_KEY_UIMainStoryboardFile = Main;
				INFOPLIST_KEY_UISupportedInterfaceOrientations_iPad = "UIInterfaceOrientationPortrait UIInterfaceOrientationPortraitUpsideDown UIInterfaceOrientationLandscapeLeft UIInterfaceOrientationLandscapeRight";
				INFOPLIST_KEY_UISupportedInterfaceOrientations_iPhone = "UIInterfaceOrientationPortrait UIInterfaceOrientationLandscapeLeft UIInterfaceOrientationLandscapeRight";
				IPHONEOS_DEPLOYMENT_TARGET = 14.6;
				LD_RUNPATH_SEARCH_PATHS = (
					"$(inherited)",
					"@executable_path/Frameworks",
				);
				MARKETING_VERSION = 1.0;
				PRODUCT_BUNDLE_IDENTIFIER = com.ytp.MapEdit;
				PRODUCT_NAME = "$(TARGET_NAME)";
				SWIFT_EMIT_LOC_STRINGS = YES;
				SWIFT_VERSION = 5.0;
				TARGETED_DEVICE_FAMILY = "1,2";
			};
			name = Release;
		};
		1332A956271DFA34006A3989 /* Debug */ = {
			isa = XCBuildConfiguration;
			buildSettings = {
				ALWAYS_EMBED_SWIFT_STANDARD_LIBRARIES = YES;
				BUNDLE_LOADER = "$(TEST_HOST)";
				CODE_SIGN_STYLE = Automatic;
				CURRENT_PROJECT_VERSION = 1;
				DEVELOPMENT_TEAM = HGFASG778A;
				GENERATE_INFOPLIST_FILE = YES;
				IPHONEOS_DEPLOYMENT_TARGET = 15.0;
				LD_RUNPATH_SEARCH_PATHS = (
					"$(inherited)",
					"@executable_path/Frameworks",
					"@loader_path/Frameworks",
				);
				MARKETING_VERSION = 1.0;
				PRODUCT_BUNDLE_IDENTIFIER = com.ytp.MapEditTests;
				PRODUCT_NAME = "$(TARGET_NAME)";
				SWIFT_EMIT_LOC_STRINGS = NO;
				SWIFT_VERSION = 5.0;
				TARGETED_DEVICE_FAMILY = "1,2";
				TEST_HOST = "$(BUILT_PRODUCTS_DIR)/MapEdit.app/MapEdit";
			};
			name = Debug;
		};
		1332A957271DFA34006A3989 /* Release */ = {
			isa = XCBuildConfiguration;
			buildSettings = {
				ALWAYS_EMBED_SWIFT_STANDARD_LIBRARIES = YES;
				BUNDLE_LOADER = "$(TEST_HOST)";
				CODE_SIGN_STYLE = Automatic;
				CURRENT_PROJECT_VERSION = 1;
				DEVELOPMENT_TEAM = HGFASG778A;
				GENERATE_INFOPLIST_FILE = YES;
				IPHONEOS_DEPLOYMENT_TARGET = 15.0;
				LD_RUNPATH_SEARCH_PATHS = (
					"$(inherited)",
					"@executable_path/Frameworks",
					"@loader_path/Frameworks",
				);
				MARKETING_VERSION = 1.0;
				PRODUCT_BUNDLE_IDENTIFIER = com.ytp.MapEditTests;
				PRODUCT_NAME = "$(TARGET_NAME)";
				SWIFT_EMIT_LOC_STRINGS = NO;
				SWIFT_VERSION = 5.0;
				TARGETED_DEVICE_FAMILY = "1,2";
				TEST_HOST = "$(BUILT_PRODUCTS_DIR)/MapEdit.app/MapEdit";
			};
			name = Release;
		};
		1332A959271DFA34006A3989 /* Debug */ = {
			isa = XCBuildConfiguration;
			buildSettings = {
				ALWAYS_EMBED_SWIFT_STANDARD_LIBRARIES = YES;
				CODE_SIGN_STYLE = Automatic;
				CURRENT_PROJECT_VERSION = 1;
				DEVELOPMENT_TEAM = HGFASG778A;
				GENERATE_INFOPLIST_FILE = YES;
				LD_RUNPATH_SEARCH_PATHS = (
					"$(inherited)",
					"@executable_path/Frameworks",
					"@loader_path/Frameworks",
				);
				MARKETING_VERSION = 1.0;
				PRODUCT_BUNDLE_IDENTIFIER = com.ytp.MapEditUITests;
				PRODUCT_NAME = "$(TARGET_NAME)";
				SWIFT_EMIT_LOC_STRINGS = NO;
				SWIFT_VERSION = 5.0;
				TARGETED_DEVICE_FAMILY = "1,2";
				TEST_TARGET_NAME = MapEdit;
			};
			name = Debug;
		};
		1332A95A271DFA34006A3989 /* Release */ = {
			isa = XCBuildConfiguration;
			buildSettings = {
				ALWAYS_EMBED_SWIFT_STANDARD_LIBRARIES = YES;
				CODE_SIGN_STYLE = Automatic;
				CURRENT_PROJECT_VERSION = 1;
				DEVELOPMENT_TEAM = HGFASG778A;
				GENERATE_INFOPLIST_FILE = YES;
				LD_RUNPATH_SEARCH_PATHS = (
					"$(inherited)",
					"@executable_path/Frameworks",
					"@loader_path/Frameworks",
				);
				MARKETING_VERSION = 1.0;
				PRODUCT_BUNDLE_IDENTIFIER = com.ytp.MapEditUITests;
				PRODUCT_NAME = "$(TARGET_NAME)";
				SWIFT_EMIT_LOC_STRINGS = NO;
				SWIFT_VERSION = 5.0;
				TARGETED_DEVICE_FAMILY = "1,2";
				TEST_TARGET_NAME = MapEdit;
			};
			name = Release;
		};
/* End XCBuildConfiguration section */

/* Begin XCConfigurationList section */
		1332A920271DFA31006A3989 /* Build configuration list for PBXProject "MapEdit" */ = {
			isa = XCConfigurationList;
			buildConfigurations = (
				1332A950271DFA34006A3989 /* Debug */,
				1332A951271DFA34006A3989 /* Release */,
			);
			defaultConfigurationIsVisible = 0;
			defaultConfigurationName = Release;
		};
		1332A952271DFA34006A3989 /* Build configuration list for PBXNativeTarget "MapEdit" */ = {
			isa = XCConfigurationList;
			buildConfigurations = (
				1332A953271DFA34006A3989 /* Debug */,
				1332A954271DFA34006A3989 /* Release */,
			);
			defaultConfigurationIsVisible = 0;
			defaultConfigurationName = Release;
		};
		1332A955271DFA34006A3989 /* Build configuration list for PBXNativeTarget "MapEditTests" */ = {
			isa = XCConfigurationList;
			buildConfigurations = (
				1332A956271DFA34006A3989 /* Debug */,
				1332A957271DFA34006A3989 /* Release */,
			);
			defaultConfigurationIsVisible = 0;
			defaultConfigurationName = Release;
		};
		1332A958271DFA34006A3989 /* Build configuration list for PBXNativeTarget "MapEditUITests" */ = {
			isa = XCConfigurationList;
			buildConfigurations = (
				1332A959271DFA34006A3989 /* Debug */,
				1332A95A271DFA34006A3989 /* Release */,
			);
			defaultConfigurationIsVisible = 0;
			defaultConfigurationName = Release;
		};
/* End XCConfigurationList section */

/* Begin XCVersionGroup section */
		1332A931271DFA31006A3989 /* MapEdit.xcdatamodeld */ = {
			isa = XCVersionGroup;
			children = (
				1332A932271DFA31006A3989 /* MapEdit.xcdatamodel */,
			);
			currentVersion = 1332A932271DFA31006A3989 /* MapEdit.xcdatamodel */;
			path = MapEdit.xcdatamodeld;
			sourceTree = "<group>";
			versionGroupType = wrapper.xcdatamodel;
		};
/* End XCVersionGroup section */
	};
	rootObject = 1332A91D271DFA31006A3989 /* Project object */;
}
